
Microsoft Visual Studio Solution File, Format Version 12.00
# Visual Studio Version 17
VisualStudioVersion = 17.14.36623.8
MinimumVisualStudioVersion = 10.0.40219.1
Project("{FAE04EC0-301F-11D3-BF4B-00C04F79EFBC}") = "EventPlayground", "EventPlayground.csproj", "{2B453281-AF4B-4D30-9B65-0BF174C1D00A}"
EndProject
Project("{FAE04EC0-301F-11D3-BF4B-00C04F79EFBC}") = "Ouptut Reasoning", "..\Ouptut Reasoning\Ouptut Reasoning.csproj", "{F95F076B-188B-4F8D-8F4A-D6EECA7B8AC6}"
EndProject
Global
	GlobalSection(SolutionConfigurationPlatforms) = preSolution
		Debug|Any CPU = Debug|Any CPU
		Release|Any CPU = Release|Any CPU
	EndGlobalSection
	GlobalSection(ProjectConfigurationPlatforms) = postSolution
		{2B453281-AF4B-4D30-9B65-0BF174C1D00A}.Debug|Any CPU.ActiveCfg = Debug|Any CPU
		{2B453281-AF4B-4D30-9B65-0BF174C1D00A}.Debug|Any CPU.Build.0 = Debug|Any CPU
		{2B453281-AF4B-4D30-9B65-0BF174C1D00A}.Release|Any CPU.ActiveCfg = Release|Any CPU
		{2B453281-AF4B-4D30-9B65-0BF174C1D00A}.Release|Any CPU.Build.0 = Release|Any CPU
		{F95F076B-188B-4F8D-8F4A-D6EECA7B8AC6}.Debug|Any CPU.ActiveCfg = Debug|Any CPU
		{F95F076B-188B-4F8D-8F4A-D6EECA7B8AC6}.Debug|Any CPU.Build.0 = Debug|Any CPU
		{F95F076B-188B-4F8D-8F4A-D6EECA7B8AC6}.Release|Any CPU.ActiveCfg = Release|Any CPU
		{F95F076B-188B-4F8D-8F4A-D6EECA7B8AC6}.Release|Any CPU.Build.0 = Release|Any CPU
	EndGlobalSection
	GlobalSection(SolutionProperties) = preSolution
		HideSolutionNode = FALSE
	EndGlobalSection
	GlobalSection(ExtensibilityGlobals) = postSolution
		SolutionGuid = {D89D085F-2F63-4D48-A076-EC164ABC62AB}
	EndGlobalSection
EndGlobal
